
Microsoft Visual Studio Solution File, Format Version 12.00
# Visual Studio 15
Project("{FAE04EC0-301F-11D3-BF4B-00C04F79EFBC}") = "Assembly-CSharp", "Assembly-CSharp.csproj", "{65CD1BE4-2747-5B86-D0D7-5582F340EA63}"
EndProject
Project("{FAE04EC0-301F-11D3-BF4B-00C04F79EFBC}") = "DOTween.Modules", "DOTween.Modules.csproj", "{8BC93F5B-3C2E-D1B5-109D-AC8760E50BBF}"
EndProject
Global
	GlobalSection(SolutionConfigurationPlatforms) = preSolution
		Debug|Any CPU = Debug|Any CPU
		Release|Any CPU = Release|Any CPU
	EndGlobalSection
	GlobalSection(ProjectConfigurationPlatforms) = postSolution
		{65CD1BE4-2747-5B86-D0D7-5582F340EA63}.Debug|Any CPU.ActiveCfg = Debug|Any CPU
		{65CD1BE4-2747-5B86-D0D7-5582F340EA63}.Debug|Any CPU.Build.0 = Debug|Any CPU
		{65CD1BE4-2747-5B86-D0D7-5582F340EA63}.Release|Any CPU.ActiveCfg = Release|Any CPU
		{65CD1BE4-2747-5B86-D0D7-5582F340EA63}.Release|Any CPU.Build.0 = Release|Any CPU
		{8BC93F5B-3C2E-D1B5-109D-AC8760E50BBF}.Debug|Any CPU.ActiveCfg = Debug|Any CPU
		{8BC93F5B-3C2E-D1B5-109D-AC8760E50BBF}.Debug|Any CPU.Build.0 = Debug|Any CPU
		{8BC93F5B-3C2E-D1B5-109D-AC8760E50BBF}.Release|Any CPU.ActiveCfg = Release|Any CPU
		{8BC93F5B-3C2E-D1B5-109D-AC8760E50BBF}.Release|Any CPU.Build.0 = Release|Any CPU
	EndGlobalSection
	GlobalSection(SolutionProperties) = preSolution
		HideSolutionNode = FALSE
	EndGlobalSection
EndGlobal
